{
  "name": "lightweight_template_zero_slideshow_head",
  "version": "0.0.2",
  "lockfileVersion": 1,
  "requires": true,
  "dependencies": {
    "angular-jwt": {
      "version": "0.1.9",
      "resolved": "https://registry.npmjs.org/angular-jwt/-/angular-jwt-0.1.9.tgz",
      "integrity": "sha1-24vPGPBapXMgrC/aFh1+liLAmcM="
    }
  }
}
