{
  "name": "lightweight_template_zero_slideshow_head",
  "version": "0.0.2",
  "lockfileVersion": 1,
  "requires": true,
  "dependencies": {
    "angular-material-expansion-panel": {
      "version": "0.7.2",
      "resolved": "https://registry.npmjs.org/angular-material-expansion-panel/-/angular-material-expansion-panel-0.7.2.tgz",
      "integrity": "sha1-jCV5dN/xd8wHYgjQO9sKgy34Tqw="
    },
    "angular-utils-pagination": {
      "version": "0.11.1",
      "resolved": "https://registry.npmjs.org/angular-utils-pagination/-/angular-utils-pagination-0.11.1.tgz",
      "integrity": "sha1-7618iHm+swrT13cH+T49DvUfLGY="
    },
    "angular-uuid": {
      "version": "0.0.4",
      "resolved": "https://registry.npmjs.org/angular-uuid/-/angular-uuid-0.0.4.tgz",
      "integrity": "sha1-h6hgyh02rjiffsYP0ENm7cDjWE0="
    },
    "ng-file-upload": {
      "version": "12.2.13",
      "resolved": "https://registry.npmjs.org/ng-file-upload/-/ng-file-upload-12.2.13.tgz",
      "integrity": "sha1-AYAPOHLlJvlTEPhHfpnk8S0NjRQ="
    }
  }
}
